
Microsoft Visual Studio Solution File, Format Version 12.00
# Visual Studio Version 16
VisualStudioVersion = 16.0.31205.134
MinimumVisualStudioVersion = 10.0.40219.1
Project("{FAE04EC0-301F-11D3-BF4B-00C04F79EFBC}") = "FirstDemo", "FirstDemo\FirstDemo.csproj", "{AC483DAA-A62E-4E7F-A40E-2E9A744C5F14}"
EndProject
Global
	GlobalSection(SolutionConfigurationPlatforms) = preSolution
		Debug|Any CPU = Debug|Any CPU
		Release|Any CPU = Release|Any CPU
	EndGlobalSection
	GlobalSection(ProjectConfigurationPlatforms) = postSolution
		{AC483DAA-A62E-4E7F-A40E-2E9A744C5F14}.Debug|Any CPU.ActiveCfg = Debug|Any CPU
		{AC483DAA-A62E-4E7F-A40E-2E9A744C5F14}.Debug|Any CPU.Build.0 = Debug|Any CPU
		{AC483DAA-A62E-4E7F-A40E-2E9A744C5F14}.Release|Any CPU.ActiveCfg = Release|Any CPU
		{AC483DAA-A62E-4E7F-A40E-2E9A744C5F14}.Release|Any CPU.Build.0 = Release|Any CPU
	EndGlobalSection
	GlobalSection(SolutionProperties) = preSolution
		HideSolutionNode = FALSE
	EndGlobalSection
	GlobalSection(ExtensibilityGlobals) = postSolution
		SolutionGuid = {0A7F2D7F-E66F-4C79-8A64-F7A3985A8140}
	EndGlobalSection
EndGlobal
