
Microsoft Visual Studio Solution File, Format Version 12.00
# Visual Studio Version 16
VisualStudioVersion = 16.0.31019.35
MinimumVisualStudioVersion = 10.0.40219.1
Project("{9A19103F-16F7-4668-BE54-9A1E7A4F7556}") = "LinqExample", "LinqExample\LinqExample.csproj", "{18E01890-9572-4CAC-8522-940471A4C512}"
EndProject
Project("{9A19103F-16F7-4668-BE54-9A1E7A4F7556}") = "Delegates", "Delegates\Delegates.csproj", "{5D649EBA-AE21-42D1-A285-03F8B60D8021}"
EndProject
Project("{9A19103F-16F7-4668-BE54-9A1E7A4F7556}") = "ActionDelegates", "FunctionAndAction\ActionDelegates.csproj", "{9E43E3B5-8551-41BC-A1CC-8378B9332C65}"
EndProject
Project("{9A19103F-16F7-4668-BE54-9A1E7A4F7556}") = "FunctionDelegates", "FunctionDelegates\FunctionDelegates.csproj", "{ED2F479F-4097-4A9D-9260-AD9A8D0DB190}"
EndProject
Project("{9A19103F-16F7-4668-BE54-9A1E7A4F7556}") = "Events", "Events\Events.csproj", "{15BF4E38-F9FF-4427-8B03-E6C7C51D230E}"
EndProject
Project("{9A19103F-16F7-4668-BE54-9A1E7A4F7556}") = "Threads", "Threads\Threads.csproj", "{B3939E9B-30BD-4BC7-BC52-42EA24AA5D77}"
EndProject
Project("{9A19103F-16F7-4668-BE54-9A1E7A4F7556}") = "EventExample", "EventExample\EventExample.csproj", "{562C6DD3-D868-4043-A7D5-FF5109C535C1}"
EndProject
Project("{9A19103F-16F7-4668-BE54-9A1E7A4F7556}") = "Properti", "Properti\Properti.csproj", "{62049E67-BF1A-4345-974E-6DAA3846E737}"
EndProject
Project("{9A19103F-16F7-4668-BE54-9A1E7A4F7556}") = "Constructor", "Constructor\Constructor.csproj", "{CB8787FB-108A-4613-B330-F81DD31046A5}"
EndProject
Project("{9A19103F-16F7-4668-BE54-9A1E7A4F7556}") = "Association", "Association\Association.csproj", "{EDBEB8C0-7C34-4573-BFCD-738326705D07}"
EndProject
Project("{9A19103F-16F7-4668-BE54-9A1E7A4F7556}") = "UserRelationship", "UserRelationship\UserRelationship.csproj", "{9B947E03-0084-4607-B5BF-430D9ED4E222}"
EndProject
Project("{9A19103F-16F7-4668-BE54-9A1E7A4F7556}") = "Inheritance", "Inheritance\Inheritance.csproj", "{E6988A98-885A-4071-94D1-605052D2CE01}"
EndProject
Project("{9A19103F-16F7-4668-BE54-9A1E7A4F7556}") = "Override", "Override\Override.csproj", "{0E151BC4-DBDF-4A71-868B-15A4E084B7BE}"
EndProject
Project("{9A19103F-16F7-4668-BE54-9A1E7A4F7556}") = "ConstructorChainInheritance", "ConstructorChainInheritance\ConstructorChainInheritance.csproj", "{8D2D02ED-D9DF-4206-82C5-A6A1B421A708}"
EndProject
Project("{9A19103F-16F7-4668-BE54-9A1E7A4F7556}") = "RunTimePolymorphisum", "RunTimePolymorphisum\RunTimePolymorphisum.csproj", "{E9CF5467-4D3F-4351-93F2-7E0F8B49D587}"
EndProject
Project("{9A19103F-16F7-4668-BE54-9A1E7A4F7556}") = "DependencyInjection", "DependencyInjection\DependencyInjection.csproj", "{C4D80CF6-77D8-4BC0-B21D-AACEF0AE771A}"
EndProject
Project("{9A19103F-16F7-4668-BE54-9A1E7A4F7556}") = "ADONET", "ADONET\ADONET.csproj", "{8542BAB3-BFB7-4DC6-BEB4-F19BBC073F0F}"
EndProject
Project("{9A19103F-16F7-4668-BE54-9A1E7A4F7556}") = "Removed", "Removed\Removed.csproj", "{5860A6B0-0BA8-4A99-A51B-EA6A37B7C29B}"
EndProject
Project("{9A19103F-16F7-4668-BE54-9A1E7A4F7556}") = "AutoObjList", "AutoObjList\AutoObjList.csproj", "{EA607AA6-B789-41D4-BE0E-F3AF96C7E5B7}"
EndProject
Project("{FAE04EC0-301F-11D3-BF4B-00C04F79EFBC}") = "TypeOf_Method", "TypeOf_Method\TypeOf_Method.csproj", "{C5626257-C6E8-4B64-987F-3AD10083CAC8}"
EndProject
Global
	GlobalSection(SolutionConfigurationPlatforms) = preSolution
		Debug|Any CPU = Debug|Any CPU
		Release|Any CPU = Release|Any CPU
	EndGlobalSection
	GlobalSection(ProjectConfigurationPlatforms) = postSolution
		{18E01890-9572-4CAC-8522-940471A4C512}.Debug|Any CPU.ActiveCfg = Debug|Any CPU
		{18E01890-9572-4CAC-8522-940471A4C512}.Debug|Any CPU.Build.0 = Debug|Any CPU
		{18E01890-9572-4CAC-8522-940471A4C512}.Release|Any CPU.ActiveCfg = Release|Any CPU
		{18E01890-9572-4CAC-8522-940471A4C512}.Release|Any CPU.Build.0 = Release|Any CPU
		{5D649EBA-AE21-42D1-A285-03F8B60D8021}.Debug|Any CPU.ActiveCfg = Debug|Any CPU
		{5D649EBA-AE21-42D1-A285-03F8B60D8021}.Debug|Any CPU.Build.0 = Debug|Any CPU
		{5D649EBA-AE21-42D1-A285-03F8B60D8021}.Release|Any CPU.ActiveCfg = Release|Any CPU
		{5D649EBA-AE21-42D1-A285-03F8B60D8021}.Release|Any CPU.Build.0 = Release|Any CPU
		{9E43E3B5-8551-41BC-A1CC-8378B9332C65}.Debug|Any CPU.ActiveCfg = Debug|Any CPU
		{9E43E3B5-8551-41BC-A1CC-8378B9332C65}.Debug|Any CPU.Build.0 = Debug|Any CPU
		{9E43E3B5-8551-41BC-A1CC-8378B9332C65}.Release|Any CPU.ActiveCfg = Release|Any CPU
		{9E43E3B5-8551-41BC-A1CC-8378B9332C65}.Release|Any CPU.Build.0 = Release|Any CPU
		{ED2F479F-4097-4A9D-9260-AD9A8D0DB190}.Debug|Any CPU.ActiveCfg = Debug|Any CPU
		{ED2F479F-4097-4A9D-9260-AD9A8D0DB190}.Debug|Any CPU.Build.0 = Debug|Any CPU
		{ED2F479F-4097-4A9D-9260-AD9A8D0DB190}.Release|Any CPU.ActiveCfg = Release|Any CPU
		{ED2F479F-4097-4A9D-9260-AD9A8D0DB190}.Release|Any CPU.Build.0 = Release|Any CPU
		{15BF4E38-F9FF-4427-8B03-E6C7C51D230E}.Debug|Any CPU.ActiveCfg = Debug|Any CPU
		{15BF4E38-F9FF-4427-8B03-E6C7C51D230E}.Debug|Any CPU.Build.0 = Debug|Any CPU
		{15BF4E38-F9FF-4427-8B03-E6C7C51D230E}.Release|Any CPU.ActiveCfg = Release|Any CPU
		{15BF4E38-F9FF-4427-8B03-E6C7C51D230E}.Release|Any CPU.Build.0 = Release|Any CPU
		{B3939E9B-30BD-4BC7-BC52-42EA24AA5D77}.Debug|Any CPU.ActiveCfg = Debug|Any CPU
		{B3939E9B-30BD-4BC7-BC52-42EA24AA5D77}.Debug|Any CPU.Build.0 = Debug|Any CPU
		{B3939E9B-30BD-4BC7-BC52-42EA24AA5D77}.Release|Any CPU.ActiveCfg = Release|Any CPU
		{B3939E9B-30BD-4BC7-BC52-42EA24AA5D77}.Release|Any CPU.Build.0 = Release|Any CPU
		{562C6DD3-D868-4043-A7D5-FF5109C535C1}.Debug|Any CPU.ActiveCfg = Debug|Any CPU
		{562C6DD3-D868-4043-A7D5-FF5109C535C1}.Debug|Any CPU.Build.0 = Debug|Any CPU
		{562C6DD3-D868-4043-A7D5-FF5109C535C1}.Release|Any CPU.ActiveCfg = Release|Any CPU
		{562C6DD3-D868-4043-A7D5-FF5109C535C1}.Release|Any CPU.Build.0 = Release|Any CPU
		{62049E67-BF1A-4345-974E-6DAA3846E737}.Debug|Any CPU.ActiveCfg = Debug|Any CPU
		{62049E67-BF1A-4345-974E-6DAA3846E737}.Debug|Any CPU.Build.0 = Debug|Any CPU
		{62049E67-BF1A-4345-974E-6DAA3846E737}.Release|Any CPU.ActiveCfg = Release|Any CPU
		{62049E67-BF1A-4345-974E-6DAA3846E737}.Release|Any CPU.Build.0 = Release|Any CPU
		{CB8787FB-108A-4613-B330-F81DD31046A5}.Debug|Any CPU.ActiveCfg = Debug|Any CPU
		{CB8787FB-108A-4613-B330-F81DD31046A5}.Debug|Any CPU.Build.0 = Debug|Any CPU
		{CB8787FB-108A-4613-B330-F81DD31046A5}.Release|Any CPU.ActiveCfg = Release|Any CPU
		{CB8787FB-108A-4613-B330-F81DD31046A5}.Release|Any CPU.Build.0 = Release|Any CPU
		{EDBEB8C0-7C34-4573-BFCD-738326705D07}.Debug|Any CPU.ActiveCfg = Debug|Any CPU
		{EDBEB8C0-7C34-4573-BFCD-738326705D07}.Debug|Any CPU.Build.0 = Debug|Any CPU
		{EDBEB8C0-7C34-4573-BFCD-738326705D07}.Release|Any CPU.ActiveCfg = Release|Any CPU
		{EDBEB8C0-7C34-4573-BFCD-738326705D07}.Release|Any CPU.Build.0 = Release|Any CPU
		{9B947E03-0084-4607-B5BF-430D9ED4E222}.Debug|Any CPU.ActiveCfg = Debug|Any CPU
		{9B947E03-0084-4607-B5BF-430D9ED4E222}.Debug|Any CPU.Build.0 = Debug|Any CPU
		{9B947E03-0084-4607-B5BF-430D9ED4E222}.Release|Any CPU.ActiveCfg = Release|Any CPU
		{9B947E03-0084-4607-B5BF-430D9ED4E222}.Release|Any CPU.Build.0 = Release|Any CPU
		{E6988A98-885A-4071-94D1-605052D2CE01}.Debug|Any CPU.ActiveCfg = Debug|Any CPU
		{E6988A98-885A-4071-94D1-605052D2CE01}.Debug|Any CPU.Build.0 = Debug|Any CPU
		{E6988A98-885A-4071-94D1-605052D2CE01}.Release|Any CPU.ActiveCfg = Release|Any CPU
		{E6988A98-885A-4071-94D1-605052D2CE01}.Release|Any CPU.Build.0 = Release|Any CPU
		{0E151BC4-DBDF-4A71-868B-15A4E084B7BE}.Debug|Any CPU.ActiveCfg = Debug|Any CPU
		{0E151BC4-DBDF-4A71-868B-15A4E084B7BE}.Debug|Any CPU.Build.0 = Debug|Any CPU
		{0E151BC4-DBDF-4A71-868B-15A4E084B7BE}.Release|Any CPU.ActiveCfg = Release|Any CPU
		{0E151BC4-DBDF-4A71-868B-15A4E084B7BE}.Release|Any CPU.Build.0 = Release|Any CPU
		{8D2D02ED-D9DF-4206-82C5-A6A1B421A708}.Debug|Any CPU.ActiveCfg = Debug|Any CPU
		{8D2D02ED-D9DF-4206-82C5-A6A1B421A708}.Debug|Any CPU.Build.0 = Debug|Any CPU
		{8D2D02ED-D9DF-4206-82C5-A6A1B421A708}.Release|Any CPU.ActiveCfg = Release|Any CPU
		{8D2D02ED-D9DF-4206-82C5-A6A1B421A708}.Release|Any CPU.Build.0 = Release|Any CPU
		{E9CF5467-4D3F-4351-93F2-7E0F8B49D587}.Debug|Any CPU.ActiveCfg = Debug|Any CPU
		{E9CF5467-4D3F-4351-93F2-7E0F8B49D587}.Debug|Any CPU.Build.0 = Debug|Any CPU
		{E9CF5467-4D3F-4351-93F2-7E0F8B49D587}.Release|Any CPU.ActiveCfg = Release|Any CPU
		{E9CF5467-4D3F-4351-93F2-7E0F8B49D587}.Release|Any CPU.Build.0 = Release|Any CPU
		{C4D80CF6-77D8-4BC0-B21D-AACEF0AE771A}.Debug|Any CPU.ActiveCfg = Debug|Any CPU
		{C4D80CF6-77D8-4BC0-B21D-AACEF0AE771A}.Debug|Any CPU.Build.0 = Debug|Any CPU
		{C4D80CF6-77D8-4BC0-B21D-AACEF0AE771A}.Release|Any CPU.ActiveCfg = Release|Any CPU
		{C4D80CF6-77D8-4BC0-B21D-AACEF0AE771A}.Release|Any CPU.Build.0 = Release|Any CPU
		{8542BAB3-BFB7-4DC6-BEB4-F19BBC073F0F}.Debug|Any CPU.ActiveCfg = Debug|Any CPU
		{8542BAB3-BFB7-4DC6-BEB4-F19BBC073F0F}.Debug|Any CPU.Build.0 = Debug|Any CPU
		{8542BAB3-BFB7-4DC6-BEB4-F19BBC073F0F}.Release|Any CPU.ActiveCfg = Release|Any CPU
		{8542BAB3-BFB7-4DC6-BEB4-F19BBC073F0F}.Release|Any CPU.Build.0 = Release|Any CPU
		{5860A6B0-0BA8-4A99-A51B-EA6A37B7C29B}.Debug|Any CPU.ActiveCfg = Debug|Any CPU
		{5860A6B0-0BA8-4A99-A51B-EA6A37B7C29B}.Debug|Any CPU.Build.0 = Debug|Any CPU
		{5860A6B0-0BA8-4A99-A51B-EA6A37B7C29B}.Release|Any CPU.ActiveCfg = Release|Any CPU
		{5860A6B0-0BA8-4A99-A51B-EA6A37B7C29B}.Release|Any CPU.Build.0 = Release|Any CPU
		{EA607AA6-B789-41D4-BE0E-F3AF96C7E5B7}.Debug|Any CPU.ActiveCfg = Debug|Any CPU
		{EA607AA6-B789-41D4-BE0E-F3AF96C7E5B7}.Debug|Any CPU.Build.0 = Debug|Any CPU
		{EA607AA6-B789-41D4-BE0E-F3AF96C7E5B7}.Release|Any CPU.ActiveCfg = Release|Any CPU
		{EA607AA6-B789-41D4-BE0E-F3AF96C7E5B7}.Release|Any CPU.Build.0 = Release|Any CPU
		{C5626257-C6E8-4B64-987F-3AD10083CAC8}.Debug|Any CPU.ActiveCfg = Debug|Any CPU
		{C5626257-C6E8-4B64-987F-3AD10083CAC8}.Debug|Any CPU.Build.0 = Debug|Any CPU
		{C5626257-C6E8-4B64-987F-3AD10083CAC8}.Release|Any CPU.ActiveCfg = Release|Any CPU
		{C5626257-C6E8-4B64-987F-3AD10083CAC8}.Release|Any CPU.Build.0 = Release|Any CPU
	EndGlobalSection
	GlobalSection(SolutionProperties) = preSolution
		HideSolutionNode = FALSE
	EndGlobalSection
	GlobalSection(ExtensibilityGlobals) = postSolution
		SolutionGuid = {1869B441-17BB-4C7D-9E53-EDEB35FF774A}
	EndGlobalSection
EndGlobal
